
Microsoft Visual Studio Solution File, Format Version 12.00
# Visual Studio Version 17
VisualStudioVersion = 17.13.35818.85 d17.13
MinimumVisualStudioVersion = 10.0.40219.1
Project("{FAE04EC0-301F-11D3-BF4B-00C04F79EFBC}") = "WebApiIdentityJwt", "WebApiIdentityJwt\WebApiIdentityJwt.csproj", "{11E13B2F-A1A6-41B5-8AE1-0853DE65CFDE}"
EndProject
Global
	GlobalSection(SolutionConfigurationPlatforms) = preSolution
		Debug|Any CPU = Debug|Any CPU
		Release|Any CPU = Release|Any CPU
	EndGlobalSection
	GlobalSection(ProjectConfigurationPlatforms) = postSolution
		{11E13B2F-A1A6-41B5-8AE1-0853DE65CFDE}.Debug|Any CPU.ActiveCfg = Debug|Any CPU
		{11E13B2F-A1A6-41B5-8AE1-0853DE65CFDE}.Debug|Any CPU.Build.0 = Debug|Any CPU
		{11E13B2F-A1A6-41B5-8AE1-0853DE65CFDE}.Release|Any CPU.ActiveCfg = Release|Any CPU
		{11E13B2F-A1A6-41B5-8AE1-0853DE65CFDE}.Release|Any CPU.Build.0 = Release|Any CPU
	EndGlobalSection
	GlobalSection(SolutionProperties) = preSolution
		HideSolutionNode = FALSE
	EndGlobalSection
	GlobalSection(ExtensibilityGlobals) = postSolution
		SolutionGuid = {68E541DE-2AE1-4B4E-A6B1-893B58581EA3}
	EndGlobalSection
EndGlobal
